PODS:
  - ActiveLabel (0.7.1)
  - Alamofire (4.5.0)
  - AlamofireObjectMapper (4.1.0):
    - Alamofire (~> 4.1)
    - ObjectMapper (~> 2.0)
  - Crashlytics (3.8.5):
    - Fabric (~> 1.6.3)
  - Eureka (3.1.0)
  - Fabric (1.6.12)
  - IQKeyboardManagerSwift (4.0.10)
  - Kingfisher (3.10.4)
  - KoalaTeaFlowLayout (0.3.0)
  - ObjectMapper (2.2.8)
  - Realm (2.9.0):
    - Realm/Headers (= 2.9.0)
  - Realm/Headers (2.9.0)
  - RealmSwift (2.9.0):
    - Realm (= 2.9.0)
  - Reusable (4.0.0):
    - Reusable/Storyboard (= 4.0.0)
    - Reusable/View (= 4.0.0)
  - Reusable/Storyboard (4.0.0)
  - Reusable/View (4.0.0)
  - SideMenu (2.3.3)
  - SnapKit (3.2.0)
  - SwifterSwift (3.1.0):
    - SwifterSwift/Cocoa (= 3.1.0)
    - SwifterSwift/Foundation (= 3.1.0)
    - SwifterSwift/UIKit (= 3.1.0)
  - SwifterSwift/Cocoa (3.1.0)
  - SwifterSwift/Foundation (3.1.0)
  - SwifterSwift/UIKit (3.1.0)
  - SwiftIcons (1.5.1)
  - SwiftyBeaver (1.3.0)
  - SwiftyJSON (3.1.4)
  - UIFontComplete (1.0.0)
  - XLPagerTabStrip (5.0.0)

DEPENDENCIES:
  - ActiveLabel
  - Alamofire (~> 4.0)
  - AlamofireObjectMapper
  - Crashlytics
  - Eureka
  - Fabric
  - IQKeyboardManagerSwift
  - Kingfisher
  - KoalaTeaFlowLayout
  - RealmSwift
  - Reusable
  - SideMenu
  - SnapKit
  - SwifterSwift
  - SwiftIcons
  - SwiftyBeaver
  - SwiftyJSON
  - UIFontComplete
  - XLPagerTabStrip (from `https://github.com/KelvinJin/XLPagerTabStrip`, branch `swift3`)

EXTERNAL SOURCES:
  XLPagerTabStrip:
    :branch: swift3
    :git: https://github.com/KelvinJin/XLPagerTabStrip

CHECKOUT OPTIONS:
  XLPagerTabStrip:
    :commit: 99e3cbd5e6b99bb6b1fdf25f4af58fe2e38ad308
    :git: https://github.com/KelvinJin/XLPagerTabStrip

SPEC CHECKSUMS:
  ActiveLabel: 68625f22775f51c31bb691ca8de20f1e5a3bc825
  Alamofire: f28cdffd29de33a7bfa022cbd63ae95a27fae140
  AlamofireObjectMapper: 435adc82f5b367679bd9e71c4974a54efd0b2521
  Crashlytics: dfbae35ef22ca189240d230ad501feea4ee85d2d
  Eureka: d6725c38d0dcdceaa331d1468f75e76315715ae0
  Fabric: f050464eac45a2ce5a8e6e6a07e977c0df32fe28
  IQKeyboardManagerSwift: 75ba21a23794a1e6b6fe6d9a267ea17f80e06771
  Kingfisher: dc3a4983e86d2dfa89513664983a82340c11a289
  KoalaTeaFlowLayout: 816ab599e3ddcf3234b8a02e2eeff4aed5ad71c0
  ObjectMapper: 3d571bb5af471c779e1160828cd9ad5c4ef90958
  Realm: f14ab1673502559cb16592ddb8f383c474c13e05
  RealmSwift: 16ad2c187042c4934f49750375582fe508627dcb
  Reusable: 98e5fff1e0e2e00872199699b276dde08ee56c07
  SideMenu: a447554ae5c982e8077666389e1c8b0c8656e065
  SnapKit: 1ca44df72cfa543218d177cb8aab029d10d86ea7
  SwifterSwift: f84eb7308f7742724b3cbf84283ce00f7c06d7fc
  SwiftIcons: 287593643898af5a9ef16be4b1f9cf91a436cbc7
  SwiftyBeaver: d4b551ba34b4206c52cc4684ae90444b8aaa5afd
  SwiftyJSON: c2842d878f95482ffceec5709abc3d05680c0220
  UIFontComplete: 4924a60fdf0438ae65266281d5b814a576c5c1fe
  XLPagerTabStrip: 87b8b705f9a7178e76a063ffaa2d70045944a965

PODFILE CHECKSUM: b366121a3f3bf0dff9591c49e8a0611e07c824fa

COCOAPODS: 1.3.0.rc.1
