PODS:
  - ActiveLabel (0.7.1)
  - Alamofire (4.5.1)
  - Crashlytics (3.8.6):
    - Fabric (~> 1.6.3)
  - Eureka (4.0.0)
  - Fabric (1.6.13)
  - IQKeyboardManagerSwift (5.0.3)
  - Kingfisher (4.1.0)
  - KoalaTeaFlowLayout (0.3.0)
  - KoalaTeaPlayer (0.1.5)
  - KTResponsiveUI (0.2.2):
    - SwiftIcons
  - ObjectMapper (3.0.0)
  - Pageboy (2.0.0)
  - PureLayout (3.0.2)
  - Realm (2.10.2):
    - Realm/Headers (= 2.10.2)
  - Realm/Headers (2.10.2)
  - RealmSwift (2.10.2):
    - Realm (= 2.10.2)
  - Reusable (4.0.0):
    - Reusable/Storyboard (= 4.0.0)
    - Reusable/View (= 4.0.0)
  - Reusable/Storyboard (4.0.0)
  - Reusable/View (4.0.0)
  - SideMenu (3.0.2)
  - SnapKit (4.0.0)
  - SwifterSwift (4.0.0):
    - SwifterSwift/AppKit (= 4.0.0)
    - SwifterSwift/CoreGraphics (= 4.0.0)
    - SwifterSwift/CoreLocation (= 4.0.0)
    - SwifterSwift/Foundation (= 4.0.0)
    - SwifterSwift/SwiftStdlib (= 4.0.0)
    - SwifterSwift/UIKit (= 4.0.0)
  - SwifterSwift/AppKit (4.0.0)
  - SwifterSwift/CoreGraphics (4.0.0)
  - SwifterSwift/CoreLocation (4.0.0)
  - SwifterSwift/Foundation (4.0.0)
  - SwifterSwift/SwiftStdlib (4.0.0)
  - SwifterSwift/UIKit (4.0.0)
  - SwiftIcons (1.5.1)
  - SwiftyBeaver (1.4.2)
  - SwiftyJSON (3.1.4)
  - Tabman (1.0.2):
    - Pageboy (~> 2.0.0)
    - PureLayout (~> 3.0.0)
  - UIFontComplete (2.0.1)

DEPENDENCIES:
  - ActiveLabel (from `https://github.com/optonaut/ActiveLabel.swift.git`)
  - Alamofire (~> 4.0)
  - Crashlytics
  - Eureka
  - Fabric
  - IQKeyboardManagerSwift
  - Kingfisher
  - KoalaTeaFlowLayout
  - KoalaTeaPlayer
  - KTResponsiveUI
  - ObjectMapper
  - RealmSwift
  - Reusable
  - SideMenu
  - SnapKit
  - SwifterSwift
  - SwiftIcons (from `https://github.com/themisterholliday/SwiftIcons.git`, branch `swift-4`)
  - SwiftyBeaver
  - SwiftyJSON
  - Tabman
  - UIFontComplete

EXTERNAL SOURCES:
  ActiveLabel:
    :git: https://github.com/optonaut/ActiveLabel.swift.git
  SwiftIcons:
    :branch: swift-4
    :git: https://github.com/themisterholliday/SwiftIcons.git

CHECKOUT OPTIONS:
  ActiveLabel:
    :commit: 3f869d1245e3663379d92a2b918f0af7aec9cf89
    :git: https://github.com/optonaut/ActiveLabel.swift.git
  SwiftIcons:
    :commit: 56e9cf1019b01a4a9a2f22a78e84618f4ea094aa
    :git: https://github.com/themisterholliday/SwiftIcons.git

SPEC CHECKSUMS:
  ActiveLabel: faa96b5f50507770536a3e48a4cf291ee88fb7db
  Alamofire: 2d95912bf4c34f164fdfc335872e8c312acaea4a
  Crashlytics: 95d05f4e4c19a771250c4bd9ce344d996de32bbf
  Eureka: c0b55d2aec82050c1400c7d65960b700be8d10ef
  Fabric: 2fb5676bc811af011a04513451f463dac6803206
  IQKeyboardManagerSwift: e257e513744cf32123eca7061272acea0246fc83
  Kingfisher: f14df8cbe576bf55f211fa589e9869bceb4ea87d
  KoalaTeaFlowLayout: 816ab599e3ddcf3234b8a02e2eeff4aed5ad71c0
  KoalaTeaPlayer: 273022bc12ffa2e62b25053cb387939fd04e51f2
  KTResponsiveUI: fa61c6f9da890187f6df85e30da0e69bf4849463
  ObjectMapper: 92230db59bf8f341a5c3a3cf0b9fbdde3cf0d87f
  Pageboy: a43a4e34fad98ebfa415a5d33cd0389e5005a101
  PureLayout: 4d550abe49a94f24c2808b9b95db9131685fe4cd
  Realm: 0ef72b837fb67e9f4b098bac771ddd72c7fdbb69
  RealmSwift: 07a9ae0505091eda6b2ee7c190c3786d6e90a7b0
  Reusable: 98e5fff1e0e2e00872199699b276dde08ee56c07
  SideMenu: 8fe957e0f5dcf1a1175c8ba5d47978d4eb2a89da
  SnapKit: a42d492c16e80209130a3379f73596c3454b7694
  SwifterSwift: 0b63ade1ec0c5bc4d6228df993de41fe44bc123e
  SwiftIcons: b20641adce6b71fcb2e72389b4b5f2e87252df99
  SwiftyBeaver: 91057725648ee4980308f1650af077d04b3654a0
  SwiftyJSON: c2842d878f95482ffceec5709abc3d05680c0220
  Tabman: 558bede024627206c554e1c8cee728d380655ebf
  UIFontComplete: 7e3ce7f0a12d2529fb07f537e262aabfa87df280

PODFILE CHECKSUM: 66b19d5ea05da768f11f82f3d16acb7e731bf857

COCOAPODS: 1.4.0.beta.1
