// !$*UTF8*$!
{
	archiveVersion = 1;
	classes = {
	};
	objectVersion = 46;
	objects = {

/* Begin PBXBuildFile section */
		01BB1D6D1F29999E004A912E /* PodcastPageViewController.swift in Sources */ = {isa = PBXBuildFile; fileRef = 01BB1D6C1F29999E004A912E /* PodcastPageViewController.swift */; };
		161F3DE61F61F73D00A8F825 /* SearchTableViewController.swift in Sources */ = {isa = PBXBuildFile; fileRef = 161F3DE51F61F73D00A8F825 /* SearchTableViewController.swift */; };
		161F3DEA1F62703100A8F825 /* PodcastTableViewCell.swift in Sources */ = {isa = PBXBuildFile; fileRef = 161F3DE91F62703100A8F825 /* PodcastTableViewCell.swift */; };
		1649A78A1F204EC6005C4A6E /* ContainerViewController.swift in Sources */ = {isa = PBXBuildFile; fileRef = 1649A7891F204EC6005C4A6E /* ContainerViewController.swift */; };
		164C71051F021AC8003803BC /* CustomTabViewController.swift in Sources */ = {isa = PBXBuildFile; fileRef = 164C71041F021AC8003803BC /* CustomTabViewController.swift */; };
		164C71071F021C8D003803BC /* PodcastCollectionViewController.swift in Sources */ = {isa = PBXBuildFile; fileRef = 164C71061F021C8D003803BC /* PodcastCollectionViewController.swift */; };
		164C71091F021C97003803BC /* FeedCollectionViewController.swift in Sources */ = {isa = PBXBuildFile; fileRef = 164C71081F021C97003803BC /* FeedCollectionViewController.swift */; };
		164FE9D51F02CC53009419CA /* EmbeddedCollectonViewCell.swift in Sources */ = {isa = PBXBuildFile; fileRef = 164FE9D41F02CC53009419CA /* EmbeddedCollectonViewCell.swift */; };
		164FE9D71F02CD99009419CA /* Extensions.swift in Sources */ = {isa = PBXBuildFile; fileRef = 164FE9D61F02CD99009419CA /* Extensions.swift */; };
		164FE9D91F02D611009419CA /* CollectionReusableView.swift in Sources */ = {isa = PBXBuildFile; fileRef = 164FE9D81F02D611009419CA /* CollectionReusableView.swift */; };
		164FE9DC1F02DAB5009419CA /* PodcastCollectionViewCell.swift in Sources */ = {isa = PBXBuildFile; fileRef = 164FE9DB1F02DAB5009419CA /* PodcastCollectionViewCell.swift */; };
		164FE9E11F02EE67009419CA /* LoginViewController.swift in Sources */ = {isa = PBXBuildFile; fileRef = 164FE9E01F02EE67009419CA /* LoginViewController.swift */; };
		164FE9E51F02EE83009419CA /* API.swift in Sources */ = {isa = PBXBuildFile; fileRef = 164FE9E41F02EE83009419CA /* API.swift */; };
		164FE9E71F02F02F009419CA /* UserModel.swift in Sources */ = {isa = PBXBuildFile; fileRef = 164FE9E61F02F02F009419CA /* UserModel.swift */; };
		164FE9E91F02F049009419CA /* Stylesheet.swift in Sources */ = {isa = PBXBuildFile; fileRef = 164FE9E81F02F049009419CA /* Stylesheet.swift */; };
		164FE9EB1F02F340009419CA /* Helpers.swift in Sources */ = {isa = PBXBuildFile; fileRef = 164FE9EA1F02F340009419CA /* Helpers.swift */; };
		164FE9ED1F02F7E2009419CA /* UIButtonExtension.swift in Sources */ = {isa = PBXBuildFile; fileRef = 164FE9EC1F02F7E2009419CA /* UIButtonExtension.swift */; };
		164FE9EF1F03065C009419CA /* NavigationControllerExtension.swift in Sources */ = {isa = PBXBuildFile; fileRef = 164FE9EE1F03065C009419CA /* NavigationControllerExtension.swift */; };
		164FE9F11F030A2E009419CA /* PodcastModel.swift in Sources */ = {isa = PBXBuildFile; fileRef = 164FE9F01F030A2E009419CA /* PodcastModel.swift */; };
		165A5B681F7C32FD00FDE80B /* TempObjectMapper.swift in Sources */ = {isa = PBXBuildFile; fileRef = 165A5B671F7C32FD00FDE80B /* TempObjectMapper.swift */; };
		166036211F266FF300A22B7B /* Notifications.swift in Sources */ = {isa = PBXBuildFile; fileRef = 166036201F266FF300A22B7B /* Notifications.swift */; };
		1668124A1F350737007F288B /* GeneralCollectionViewController.swift in Sources */ = {isa = PBXBuildFile; fileRef = 166812491F350737007F288B /* GeneralCollectionViewController.swift */; };
		1672FAC41F06C141008445B1 /* NotificationCenterExtension.swift in Sources */ = {isa = PBXBuildFile; fileRef = 1672FAC31F06C141008445B1 /* NotificationCenterExtension.swift */; };
		1673B8FD1F27AA3200923BB8 /* LatestCollectionViewController.swift in Sources */ = {isa = PBXBuildFile; fileRef = 1673B8FC1F27AA3200923BB8 /* LatestCollectionViewController.swift */; };
		1673B8FF1F27E56100923BB8 /* TopCollectionViewController.swift in Sources */ = {isa = PBXBuildFile; fileRef = 1673B8FE1F27E56100923BB8 /* TopCollectionViewController.swift */; };
		1673B9011F27E70200923BB8 /* JustForYouCollectionViewController.swift in Sources */ = {isa = PBXBuildFile; fileRef = 1673B9001F27E70200923BB8 /* JustForYouCollectionViewController.swift */; };
		167AFAB21F043CF600A1332F /* PostDetailTableViewController.swift in Sources */ = {isa = PBXBuildFile; fileRef = 167AFAB11F043CF600A1332F /* PostDetailTableViewController.swift */; };
		167AFAB51F043ED500A1332F /* DetailTableViewCell.swift in Sources */ = {isa = PBXBuildFile; fileRef = 167AFAB41F043ED500A1332F /* DetailTableViewCell.swift */; };
		167AFAB71F043F1100A1332F /* HeaderView.swift in Sources */ = {isa = PBXBuildFile; fileRef = 167AFAB61F043F1100A1332F /* HeaderView.swift */; };
		167AFAB91F04624E00A1332F /* SingleLabelTableViewCell.swift in Sources */ = {isa = PBXBuildFile; fileRef = 167AFAB81F04624E00A1332F /* SingleLabelTableViewCell.swift */; };
		1686FC011F009EC00088A6C1 /* AppDelegate.swift in Sources */ = {isa = PBXBuildFile; fileRef = 1686FC001F009EC00088A6C1 /* AppDelegate.swift */; };
		1686FC061F009EC00088A6C1 /* Main.storyboard in Resources */ = {isa = PBXBuildFile; fileRef = 1686FC041F009EC00088A6C1 /* Main.storyboard */; };
		1686FC081F009EC00088A6C1 /* Assets.xcassets in Resources */ = {isa = PBXBuildFile; fileRef = 1686FC071F009EC00088A6C1 /* Assets.xcassets */; };
		1686FC0B1F009EC00088A6C1 /* LaunchScreen.storyboard in Resources */ = {isa = PBXBuildFile; fileRef = 1686FC091F009EC00088A6C1 /* LaunchScreen.storyboard */; };
		1686FC161F009EC00088A6C1 /* SEDaily_IOSTests.swift in Sources */ = {isa = PBXBuildFile; fileRef = 1686FC151F009EC00088A6C1 /* SEDaily_IOSTests.swift */; };
		16B147B11F16BF9C00433A42 /* AudioViewManager.swift in Sources */ = {isa = PBXBuildFile; fileRef = 16B147B01F16BF9C00433A42 /* AudioViewManager.swift */; };
		16D67C4A1F33AC620065E838 /* AnswersTracker.swift in Sources */ = {isa = PBXBuildFile; fileRef = 16D67C491F33AC620065E838 /* AnswersTracker.swift */; };
		16D67C4D1F33AE370065E838 /* ObjectExtensions.swift in Sources */ = {isa = PBXBuildFile; fileRef = 16D67C4C1F33AE370065E838 /* ObjectExtensions.swift */; };
		16D766BA1F06B4850066C143 /* AudioView.swift in Sources */ = {isa = PBXBuildFile; fileRef = 16D766B91F06B4850066C143 /* AudioView.swift */; };
		1E44AF031F87B08D00221B22 /* Localizable.strings in Resources */ = {isa = PBXBuildFile; fileRef = 1E44AF051F87B08D00221B22 /* Localizable.strings */; };
		238E99F4E37C7365658113B8 /* Pods_SEDaily_IOSTests.framework in Frameworks */ = {isa = PBXBuildFile; fileRef = DF0C9F051C6C2F8638D2ABF8 /* Pods_SEDaily_IOSTests.framework */; };
		24412438C753126FDDD37CBF /* Pods_SEDaily_IOS.framework in Frameworks */ = {isa = PBXBuildFile; fileRef = A3651E5B02B83E392546E167 /* Pods_SEDaily_IOS.framework */; };
/* End PBXBuildFile section */

/* Begin PBXContainerItemProxy section */
		1686FC121F009EC00088A6C1 /* PBXContainerItemProxy */ = {
			isa = PBXContainerItemProxy;
			containerPortal = 1686FBF51F009EC00088A6C1 /* Project object */;
			proxyType = 1;
			remoteGlobalIDString = 1686FBFC1F009EC00088A6C1;
			remoteInfo = "SEDaily-IOS";
		};
/* End PBXContainerItemProxy section */

/* Begin PBXFileReference section */
		01BB1D6C1F29999E004A912E /* PodcastPageViewController.swift */ = {isa = PBXFileReference; fileEncoding = 4; lastKnownFileType = sourcecode.swift; path = PodcastPageViewController.swift; sourceTree = "<group>"; };
		161F3DE51F61F73D00A8F825 /* SearchTableViewController.swift */ = {isa = PBXFileReference; fileEncoding = 4; lastKnownFileType = sourcecode.swift; path = SearchTableViewController.swift; sourceTree = "<group>"; };
		161F3DE91F62703100A8F825 /* PodcastTableViewCell.swift */ = {isa = PBXFileReference; fileEncoding = 4; lastKnownFileType = sourcecode.swift; path = PodcastTableViewCell.swift; sourceTree = "<group>"; };
		1649A7891F204EC6005C4A6E /* ContainerViewController.swift */ = {isa = PBXFileReference; fileEncoding = 4; lastKnownFileType = sourcecode.swift; path = ContainerViewController.swift; sourceTree = "<group>"; };
		164C71041F021AC8003803BC /* CustomTabViewController.swift */ = {isa = PBXFileReference; fileEncoding = 4; lastKnownFileType = sourcecode.swift; path = CustomTabViewController.swift; sourceTree = "<group>"; };
		164C71061F021C8D003803BC /* PodcastCollectionViewController.swift */ = {isa = PBXFileReference; fileEncoding = 4; lastKnownFileType = sourcecode.swift; path = PodcastCollectionViewController.swift; sourceTree = "<group>"; };
		164C71081F021C97003803BC /* FeedCollectionViewController.swift */ = {isa = PBXFileReference; fileEncoding = 4; lastKnownFileType = sourcecode.swift; path = FeedCollectionViewController.swift; sourceTree = "<group>"; };
		164FE9D41F02CC53009419CA /* EmbeddedCollectonViewCell.swift */ = {isa = PBXFileReference; fileEncoding = 4; lastKnownFileType = sourcecode.swift; path = EmbeddedCollectonViewCell.swift; sourceTree = "<group>"; };
		164FE9D61F02CD99009419CA /* Extensions.swift */ = {isa = PBXFileReference; fileEncoding = 4; lastKnownFileType = sourcecode.swift; path = Extensions.swift; sourceTree = "<group>"; };
		164FE9D81F02D611009419CA /* CollectionReusableView.swift */ = {isa = PBXFileReference; fileEncoding = 4; lastKnownFileType = sourcecode.swift; path = CollectionReusableView.swift; sourceTree = "<group>"; };
		164FE9DB1F02DAB5009419CA /* PodcastCollectionViewCell.swift */ = {isa = PBXFileReference; fileEncoding = 4; lastKnownFileType = sourcecode.swift; path = PodcastCollectionViewCell.swift; sourceTree = "<group>"; };
		164FE9E01F02EE67009419CA /* LoginViewController.swift */ = {isa = PBXFileReference; fileEncoding = 4; lastKnownFileType = sourcecode.swift; path = LoginViewController.swift; sourceTree = "<group>"; };
		164FE9E41F02EE83009419CA /* API.swift */ = {isa = PBXFileReference; fileEncoding = 4; lastKnownFileType = sourcecode.swift; path = API.swift; sourceTree = "<group>"; };
		164FE9E61F02F02F009419CA /* UserModel.swift */ = {isa = PBXFileReference; fileEncoding = 4; lastKnownFileType = sourcecode.swift; path = UserModel.swift; sourceTree = "<group>"; };
		164FE9E81F02F049009419CA /* Stylesheet.swift */ = {isa = PBXFileReference; fileEncoding = 4; lastKnownFileType = sourcecode.swift; path = Stylesheet.swift; sourceTree = "<group>"; };
		164FE9EA1F02F340009419CA /* Helpers.swift */ = {isa = PBXFileReference; fileEncoding = 4; lastKnownFileType = sourcecode.swift; path = Helpers.swift; sourceTree = "<group>"; };
		164FE9EC1F02F7E2009419CA /* UIButtonExtension.swift */ = {isa = PBXFileReference; fileEncoding = 4; lastKnownFileType = sourcecode.swift; path = UIButtonExtension.swift; sourceTree = "<group>"; };
		164FE9EE1F03065C009419CA /* NavigationControllerExtension.swift */ = {isa = PBXFileReference; fileEncoding = 4; lastKnownFileType = sourcecode.swift; path = NavigationControllerExtension.swift; sourceTree = "<group>"; };
		164FE9F01F030A2E009419CA /* PodcastModel.swift */ = {isa = PBXFileReference; fileEncoding = 4; lastKnownFileType = sourcecode.swift; path = PodcastModel.swift; sourceTree = "<group>"; };
		165A5B671F7C32FD00FDE80B /* TempObjectMapper.swift */ = {isa = PBXFileReference; lastKnownFileType = sourcecode.swift; path = TempObjectMapper.swift; sourceTree = "<group>"; };
		166036201F266FF300A22B7B /* Notifications.swift */ = {isa = PBXFileReference; fileEncoding = 4; lastKnownFileType = sourcecode.swift; path = Notifications.swift; sourceTree = "<group>"; };
		166812491F350737007F288B /* GeneralCollectionViewController.swift */ = {isa = PBXFileReference; fileEncoding = 4; lastKnownFileType = sourcecode.swift; path = GeneralCollectionViewController.swift; sourceTree = "<group>"; };
		1672FAC31F06C141008445B1 /* NotificationCenterExtension.swift */ = {isa = PBXFileReference; fileEncoding = 4; lastKnownFileType = sourcecode.swift; path = NotificationCenterExtension.swift; sourceTree = "<group>"; };
		1673B8FC1F27AA3200923BB8 /* LatestCollectionViewController.swift */ = {isa = PBXFileReference; fileEncoding = 4; lastKnownFileType = sourcecode.swift; path = LatestCollectionViewController.swift; sourceTree = "<group>"; };
		1673B8FE1F27E56100923BB8 /* TopCollectionViewController.swift */ = {isa = PBXFileReference; fileEncoding = 4; lastKnownFileType = sourcecode.swift; path = TopCollectionViewController.swift; sourceTree = "<group>"; };
		1673B9001F27E70200923BB8 /* JustForYouCollectionViewController.swift */ = {isa = PBXFileReference; fileEncoding = 4; lastKnownFileType = sourcecode.swift; path = JustForYouCollectionViewController.swift; sourceTree = "<group>"; };
		167AFAB11F043CF600A1332F /* PostDetailTableViewController.swift */ = {isa = PBXFileReference; fileEncoding = 4; lastKnownFileType = sourcecode.swift; path = PostDetailTableViewController.swift; sourceTree = "<group>"; };
		167AFAB41F043ED500A1332F /* DetailTableViewCell.swift */ = {isa = PBXFileReference; fileEncoding = 4; lastKnownFileType = sourcecode.swift; path = DetailTableViewCell.swift; sourceTree = "<group>"; };
		167AFAB61F043F1100A1332F /* HeaderView.swift */ = {isa = PBXFileReference; fileEncoding = 4; lastKnownFileType = sourcecode.swift; path = HeaderView.swift; sourceTree = "<group>"; };
		167AFAB81F04624E00A1332F /* SingleLabelTableViewCell.swift */ = {isa = PBXFileReference; fileEncoding = 4; lastKnownFileType = sourcecode.swift; path = SingleLabelTableViewCell.swift; sourceTree = "<group>"; };
		1686FBFD1F009EC00088A6C1 /* SEDaily-IOS.app */ = {isa = PBXFileReference; explicitFileType = wrapper.application; includeInIndex = 0; path = "SEDaily-IOS.app"; sourceTree = BUILT_PRODUCTS_DIR; };
		1686FC001F009EC00088A6C1 /* AppDelegate.swift */ = {isa = PBXFileReference; lastKnownFileType = sourcecode.swift; path = AppDelegate.swift; sourceTree = "<group>"; };
		1686FC051F009EC00088A6C1 /* Base */ = {isa = PBXFileReference; lastKnownFileType = file.storyboard; name = Base; path = Base.lproj/Main.storyboard; sourceTree = "<group>"; };
		1686FC071F009EC00088A6C1 /* Assets.xcassets */ = {isa = PBXFileReference; lastKnownFileType = folder.assetcatalog; path = Assets.xcassets; sourceTree = "<group>"; };
		1686FC0A1F009EC00088A6C1 /* Base */ = {isa = PBXFileReference; lastKnownFileType = file.storyboard; name = Base; path = Base.lproj/LaunchScreen.storyboard; sourceTree = "<group>"; };
		1686FC0C1F009EC00088A6C1 /* Info.plist */ = {isa = PBXFileReference; lastKnownFileType = text.plist.xml; path = Info.plist; sourceTree = "<group>"; };
		1686FC111F009EC00088A6C1 /* SEDaily-IOSTests.xctest */ = {isa = PBXFileReference; explicitFileType = wrapper.cfbundle; includeInIndex = 0; path = "SEDaily-IOSTests.xctest"; sourceTree = BUILT_PRODUCTS_DIR; };
		1686FC151F009EC00088A6C1 /* SEDaily_IOSTests.swift */ = {isa = PBXFileReference; lastKnownFileType = sourcecode.swift; path = SEDaily_IOSTests.swift; sourceTree = "<group>"; };
		1686FC171F009EC00088A6C1 /* Info.plist */ = {isa = PBXFileReference; lastKnownFileType = text.plist.xml; path = Info.plist; sourceTree = "<group>"; };
		16B147B01F16BF9C00433A42 /* AudioViewManager.swift */ = {isa = PBXFileReference; fileEncoding = 4; lastKnownFileType = sourcecode.swift; path = AudioViewManager.swift; sourceTree = "<group>"; };
		16D67C491F33AC620065E838 /* AnswersTracker.swift */ = {isa = PBXFileReference; fileEncoding = 4; lastKnownFileType = sourcecode.swift; path = AnswersTracker.swift; sourceTree = "<group>"; };
		16D67C4C1F33AE370065E838 /* ObjectExtensions.swift */ = {isa = PBXFileReference; fileEncoding = 4; lastKnownFileType = sourcecode.swift; path = ObjectExtensions.swift; sourceTree = "<group>"; };
		16D766B91F06B4850066C143 /* AudioView.swift */ = {isa = PBXFileReference; fileEncoding = 4; lastKnownFileType = sourcecode.swift; path = AudioView.swift; sourceTree = "<group>"; };
		1E44AEFF1F87ACF500221B22 /* fr */ = {isa = PBXFileReference; lastKnownFileType = text.plist.strings; name = fr; path = fr.lproj/LaunchScreen.strings; sourceTree = "<group>"; };
		1E44AF001F87ACF500221B22 /* fr */ = {isa = PBXFileReference; lastKnownFileType = text.plist.strings; name = fr; path = fr.lproj/Main.strings; sourceTree = "<group>"; };
		1E44AF061F87B09100221B22 /* Base */ = {isa = PBXFileReference; lastKnownFileType = text.plist.strings; name = Base; path = Base.lproj/Localizable.strings; sourceTree = "<group>"; };
		1E44AF081F87B0A700221B22 /* fr */ = {isa = PBXFileReference; lastKnownFileType = text.plist.strings; name = fr; path = fr.lproj/Localizable.strings; sourceTree = "<group>"; };
		675FBEB71FD81FBA8767227A /* Pods-SEDaily-IOS.release.xcconfig */ = {isa = PBXFileReference; includeInIndex = 1; lastKnownFileType = text.xcconfig; name = "Pods-SEDaily-IOS.release.xcconfig"; path = "Pods/Target Support Files/Pods-SEDaily-IOS/Pods-SEDaily-IOS.release.xcconfig"; sourceTree = "<group>"; };
		995F64385352A79BA0DF7DEB /* Pods-SEDaily-IOSTests.debug.xcconfig */ = {isa = PBXFileReference; includeInIndex = 1; lastKnownFileType = text.xcconfig; name = "Pods-SEDaily-IOSTests.debug.xcconfig"; path = "Pods/Target Support Files/Pods-SEDaily-IOSTests/Pods-SEDaily-IOSTests.debug.xcconfig"; sourceTree = "<group>"; };
		9FDA28C254F62BB468401B75 /* Pods-SEDaily-IOS.debug.xcconfig */ = {isa = PBXFileReference; includeInIndex = 1; lastKnownFileType = text.xcconfig; name = "Pods-SEDaily-IOS.debug.xcconfig"; path = "Pods/Target Support Files/Pods-SEDaily-IOS/Pods-SEDaily-IOS.debug.xcconfig"; sourceTree = "<group>"; };
		A2EFA433B346D70E958FFC73 /* Pods-SEDaily-IOSTests.release.xcconfig */ = {isa = PBXFileReference; includeInIndex = 1; lastKnownFileType = text.xcconfig; name = "Pods-SEDaily-IOSTests.release.xcconfig"; path = "Pods/Target Support Files/Pods-SEDaily-IOSTests/Pods-SEDaily-IOSTests.release.xcconfig"; sourceTree = "<group>"; };
		A3651E5B02B83E392546E167 /* Pods_SEDaily_IOS.framework */ = {isa = PBXFileReference; explicitFileType = wrapper.framework; includeInIndex = 0; path = Pods_SEDaily_IOS.framework; sourceTree = BUILT_PRODUCTS_DIR; };
		DF0C9F051C6C2F8638D2ABF8 /* Pods_SEDaily_IOSTests.framework */ = {isa = PBXFileReference; explicitFileType = wrapper.framework; includeInIndex = 0; path = Pods_SEDaily_IOSTests.framework; sourceTree = BUILT_PRODUCTS_DIR; };
/* End PBXFileReference section */

/* Begin PBXFrameworksBuildPhase section */
		1686FBFA1F009EC00088A6C1 /* Frameworks */ = {
			isa = PBXFrameworksBuildPhase;
			buildActionMask = 2147483647;
			files = (
				24412438C753126FDDD37CBF /* Pods_SEDaily_IOS.framework in Frameworks */,
			);
			runOnlyForDeploymentPostprocessing = 0;
		};
		1686FC0E1F009EC00088A6C1 /* Frameworks */ = {
			isa = PBXFrameworksBuildPhase;
			buildActionMask = 2147483647;
			files = (
				238E99F4E37C7365658113B8 /* Pods_SEDaily_IOSTests.framework in Frameworks */,
			);
			runOnlyForDeploymentPostprocessing = 0;
		};
/* End PBXFrameworksBuildPhase section */

/* Begin PBXGroup section */
		1610E2C21F227BE0006C8E83 /* Managers */ = {
			isa = PBXGroup;
			children = (
				16B147B01F16BF9C00433A42 /* AudioViewManager.swift */,
			);
			name = Managers;
			sourceTree = "<group>";
		};
		164FE9DA1F02DAA5009419CA /* CollectionViews */ = {
			isa = PBXGroup;
			children = (
				164C71061F021C8D003803BC /* PodcastCollectionViewController.swift */,
				164C71081F021C97003803BC /* FeedCollectionViewController.swift */,
				1673B8FC1F27AA3200923BB8 /* LatestCollectionViewController.swift */,
				1673B8FE1F27E56100923BB8 /* TopCollectionViewController.swift */,
				1673B9001F27E70200923BB8 /* JustForYouCollectionViewController.swift */,
				166812491F350737007F288B /* GeneralCollectionViewController.swift */,
			);
			name = CollectionViews;
			sourceTree = "<group>";
		};
		164FE9DD1F02DAB8009419CA /* CollectionViewCells */ = {
			isa = PBXGroup;
			children = (
				164FE9D41F02CC53009419CA /* EmbeddedCollectonViewCell.swift */,
				164FE9DB1F02DAB5009419CA /* PodcastCollectionViewCell.swift */,
			);
			name = CollectionViewCells;
			sourceTree = "<group>";
		};
		164FE9DE1F02DACA009419CA /* Views */ = {
			isa = PBXGroup;
			children = (
				164FE9D81F02D611009419CA /* CollectionReusableView.swift */,
				167AFAB61F043F1100A1332F /* HeaderView.swift */,
				16D766B91F06B4850066C143 /* AudioView.swift */,
			);
			name = Views;
			sourceTree = "<group>";
		};
		164FE9DF1F02EE4E009419CA /* ViewControllers */ = {
			isa = PBXGroup;
			children = (
				164FE9E01F02EE67009419CA /* LoginViewController.swift */,
				167AFAB11F043CF600A1332F /* PostDetailTableViewController.swift */,
				1649A7891F204EC6005C4A6E /* ContainerViewController.swift */,
				01BB1D6C1F29999E004A912E /* PodcastPageViewController.swift */,
			);
			name = ViewControllers;
			sourceTree = "<group>";
		};
		164FE9E21F02EE71009419CA /* Models */ = {
			isa = PBXGroup;
			children = (
				164FE9F01F030A2E009419CA /* PodcastModel.swift */,
				164FE9E61F02F02F009419CA /* UserModel.swift */,
			);
			name = Models;
			sourceTree = "<group>";
		};
		164FE9E31F02EE77009419CA /* Helpers */ = {
			isa = PBXGroup;
			children = (
				164FE9D61F02CD99009419CA /* Extensions.swift */,
				164FE9E81F02F049009419CA /* Stylesheet.swift */,
				164FE9EA1F02F340009419CA /* Helpers.swift */,
				164FE9EC1F02F7E2009419CA /* UIButtonExtension.swift */,
				164FE9EE1F03065C009419CA /* NavigationControllerExtension.swift */,
				1672FAC31F06C141008445B1 /* NotificationCenterExtension.swift */,
				166036201F266FF300A22B7B /* Notifications.swift */,
				16D67C491F33AC620065E838 /* AnswersTracker.swift */,
			);
			name = Helpers;
			sourceTree = "<group>";
		};
		167AFAB31F043E8F00A1332F /* TableViewCell */ = {
			isa = PBXGroup;
			children = (
				167AFAB41F043ED500A1332F /* DetailTableViewCell.swift */,
				167AFAB81F04624E00A1332F /* SingleLabelTableViewCell.swift */,
				161F3DE91F62703100A8F825 /* PodcastTableViewCell.swift */,
			);
			name = TableViewCell;
			sourceTree = "<group>";
		};
		1686FBF41F009EC00088A6C1 = {
			isa = PBXGroup;
			children = (
				1686FBFF1F009EC00088A6C1 /* SEDaily-IOS */,
				1686FC141F009EC00088A6C1 /* SEDaily-IOSTests */,
				1686FBFE1F009EC00088A6C1 /* Products */,
				4E74333675FE5899EC260076 /* Pods */,
				E6ABCD02C9CBA1E6E09EB4DE /* Frameworks */,
			);
			sourceTree = "<group>";
		};
		1686FBFE1F009EC00088A6C1 /* Products */ = {
			isa = PBXGroup;
			children = (
				1686FBFD1F009EC00088A6C1 /* SEDaily-IOS.app */,
				1686FC111F009EC00088A6C1 /* SEDaily-IOSTests.xctest */,
			);
			name = Products;
			sourceTree = "<group>";
		};
		1686FBFF1F009EC00088A6C1 /* SEDaily-IOS */ = {
			isa = PBXGroup;
			children = (
				1610E2C21F227BE0006C8E83 /* Managers */,
				1686FC0C1F009EC00088A6C1 /* Info.plist */,
				164FE9E41F02EE83009419CA /* API.swift */,
				1686FC001F009EC00088A6C1 /* AppDelegate.swift */,
				164C71041F021AC8003803BC /* CustomTabViewController.swift */,
				1E44AF051F87B08D00221B22 /* Localizable.strings */,
				1686FC071F009EC00088A6C1 /* Assets.xcassets */,
				164FE9DD1F02DAB8009419CA /* CollectionViewCells */,
				164FE9DA1F02DAA5009419CA /* CollectionViews */,
				164FE9E31F02EE77009419CA /* Helpers */,
				1686FC091F009EC00088A6C1 /* LaunchScreen.storyboard */,
				1686FC041F009EC00088A6C1 /* Main.storyboard */,
				164FE9E21F02EE71009419CA /* Models */,
				167AFAB31F043E8F00A1332F /* TableViewCell */,
				164FE9DF1F02EE4E009419CA /* ViewControllers */,
				164FE9DE1F02DACA009419CA /* Views */,
				16D67C4C1F33AE370065E838 /* ObjectExtensions.swift */,
				161F3DE51F61F73D00A8F825 /* SearchTableViewController.swift */,
				165A5B671F7C32FD00FDE80B /* TempObjectMapper.swift */,
			);
			path = "SEDaily-IOS";
			sourceTree = "<group>";
		};
		1686FC141F009EC00088A6C1 /* SEDaily-IOSTests */ = {
			isa = PBXGroup;
			children = (
				1686FC151F009EC00088A6C1 /* SEDaily_IOSTests.swift */,
				1686FC171F009EC00088A6C1 /* Info.plist */,
			);
			path = "SEDaily-IOSTests";
			sourceTree = "<group>";
		};
		4E74333675FE5899EC260076 /* Pods */ = {
			isa = PBXGroup;
			children = (
				9FDA28C254F62BB468401B75 /* Pods-SEDaily-IOS.debug.xcconfig */,
				675FBEB71FD81FBA8767227A /* Pods-SEDaily-IOS.release.xcconfig */,
				995F64385352A79BA0DF7DEB /* Pods-SEDaily-IOSTests.debug.xcconfig */,
				A2EFA433B346D70E958FFC73 /* Pods-SEDaily-IOSTests.release.xcconfig */,
			);
			name = Pods;
			sourceTree = "<group>";
		};
		E6ABCD02C9CBA1E6E09EB4DE /* Frameworks */ = {
			isa = PBXGroup;
			children = (
				A3651E5B02B83E392546E167 /* Pods_SEDaily_IOS.framework */,
				DF0C9F051C6C2F8638D2ABF8 /* Pods_SEDaily_IOSTests.framework */,
			);
			name = Frameworks;
			sourceTree = "<group>";
		};
/* End PBXGroup section */

/* Begin PBXNativeTarget section */
		1686FBFC1F009EC00088A6C1 /* SEDaily-IOS */ = {
			isa = PBXNativeTarget;
			buildConfigurationList = 1686FC1A1F009EC00088A6C1 /* Build configuration list for PBXNativeTarget "SEDaily-IOS" */;
			buildPhases = (
				6A12E8C003C75BEEE01B2AA0 /* [CP] Check Pods Manifest.lock */,
				1686FBF91F009EC00088A6C1 /* Sources */,
				1686FBFA1F009EC00088A6C1 /* Frameworks */,
				1686FBFB1F009EC00088A6C1 /* Resources */,
				AE5F616C12D0339AD2CE40F0 /* [CP] Embed Pods Frameworks */,
				4B6DBB81C87D23ABC98202EB /* [CP] Copy Pods Resources */,
				16D67C4B1F33AD1D0065E838 /* ShellScript */,
			);
			buildRules = (
			);
			dependencies = (
			);
			name = "SEDaily-IOS";
			productName = "SEDaily-IOS";
			productReference = 1686FBFD1F009EC00088A6C1 /* SEDaily-IOS.app */;
			productType = "com.apple.product-type.application";
		};
		1686FC101F009EC00088A6C1 /* SEDaily-IOSTests */ = {
			isa = PBXNativeTarget;
			buildConfigurationList = 1686FC1D1F009EC00088A6C1 /* Build configuration list for PBXNativeTarget "SEDaily-IOSTests" */;
			buildPhases = (
				0AC6AC0CAA2207AE56408B2B /* [CP] Check Pods Manifest.lock */,
				1686FC0D1F009EC00088A6C1 /* Sources */,
				1686FC0E1F009EC00088A6C1 /* Frameworks */,
				1686FC0F1F009EC00088A6C1 /* Resources */,
				43BA1A9ED42DE22C48E64092 /* [CP] Embed Pods Frameworks */,
				8836A870BF4FA6C98035B298 /* [CP] Copy Pods Resources */,
			);
			buildRules = (
			);
			dependencies = (
				1686FC131F009EC00088A6C1 /* PBXTargetDependency */,
			);
			name = "SEDaily-IOSTests";
			productName = "SEDaily-IOSTests";
			productReference = 1686FC111F009EC00088A6C1 /* SEDaily-IOSTests.xctest */;
			productType = "com.apple.product-type.bundle.unit-test";
		};
/* End PBXNativeTarget section */

/* Begin PBXProject section */
		1686FBF51F009EC00088A6C1 /* Project object */ = {
			isa = PBXProject;
			attributes = {
				LastSwiftUpdateCheck = 0830;
				LastUpgradeCheck = 0900;
				ORGANIZATIONNAME = "Koala Tea";
				TargetAttributes = {
					1686FBFC1F009EC00088A6C1 = {
						CreatedOnToolsVersion = 8.3.2;
						DevelopmentTeam = 6TY8WC8WPP;
						LastSwiftMigration = 0900;
						ProvisioningStyle = Automatic;
						SystemCapabilities = {
							com.apple.BackgroundModes = {
								enabled = 1;
							};
						};
					};
					1686FC101F009EC00088A6C1 = {
						CreatedOnToolsVersion = 8.3.2;
						DevelopmentTeam = 6MS9QWALYV;
						LastSwiftMigration = 0900;
						ProvisioningStyle = Automatic;
						TestTargetID = 1686FBFC1F009EC00088A6C1;
					};
				};
			};
			buildConfigurationList = 1686FBF81F009EC00088A6C1 /* Build configuration list for PBXProject "SEDaily-IOS" */;
			compatibilityVersion = "Xcode 3.2";
			developmentRegion = English;
			hasScannedForEncodings = 0;
			knownRegions = (
				en,
				Base,
				fr,
			);
			mainGroup = 1686FBF41F009EC00088A6C1;
			productRefGroup = 1686FBFE1F009EC00088A6C1 /* Products */;
			projectDirPath = "";
			projectRoot = "";
			targets = (
				1686FBFC1F009EC00088A6C1 /* SEDaily-IOS */,
				1686FC101F009EC00088A6C1 /* SEDaily-IOSTests */,
			);
		};
/* End PBXProject section */

/* Begin PBXResourcesBuildPhase section */
		1686FBFB1F009EC00088A6C1 /* Resources */ = {
			isa = PBXResourcesBuildPhase;
			buildActionMask = 2147483647;
			files = (
				1686FC0B1F009EC00088A6C1 /* LaunchScreen.storyboard in Resources */,
				1E44AF031F87B08D00221B22 /* Localizable.strings in Resources */,
				1686FC081F009EC00088A6C1 /* Assets.xcassets in Resources */,
				1686FC061F009EC00088A6C1 /* Main.storyboard in Resources */,
			);
			runOnlyForDeploymentPostprocessing = 0;
		};
		1686FC0F1F009EC00088A6C1 /* Resources */ = {
			isa = PBXResourcesBuildPhase;
			buildActionMask = 2147483647;
			files = (
			);
			runOnlyForDeploymentPostprocessing = 0;
		};
/* End PBXResourcesBuildPhase section */

/* Begin PBXShellScriptBuildPhase section */
		0AC6AC0CAA2207AE56408B2B /* [CP] Check Pods Manifest.lock */ = {
			isa = PBXShellScriptBuildPhase;
			buildActionMask = 2147483647;
			files = (
			);
			inputPaths = (
				"${PODS_PODFILE_DIR_PATH}/Podfile.lock",
				"${PODS_ROOT}/Manifest.lock",
			);
			name = "[CP] Check Pods Manifest.lock";
			outputPaths = (
				"$(DERIVED_FILE_DIR)/Pods-SEDaily-IOSTests-checkManifestLockResult.txt",
			);
			runOnlyForDeploymentPostprocessing = 0;
			shellPath = /bin/sh;
			shellScript = "diff \"${PODS_PODFILE_DIR_PATH}/Podfile.lock\" \"${PODS_ROOT}/Manifest.lock\" > /dev/null\nif [ $? != 0 ] ; then\n    # print error to STDERR\n    echo \"error: The sandbox is not in sync with the Podfile.lock. Run 'pod install' or update your CocoaPods installation.\" >&2\n    exit 1\nfi\n# This output is used by Xcode 'outputs' to avoid re-running this script phase.\necho \"SUCCESS\" > \"${SCRIPT_OUTPUT_FILE_0}\"\n";
			showEnvVarsInLog = 0;
		};
		16D67C4B1F33AD1D0065E838 /* ShellScript */ = {
			isa = PBXShellScriptBuildPhase;
			buildActionMask = 2147483647;
			files = (
			);
			inputPaths = (
			);
			outputPaths = (
			);
			runOnlyForDeploymentPostprocessing = 0;
			shellPath = /bin/sh;
			shellScript = "./Fabric.framework/run f0ec5c4da42e81dc990c190bf79ca81fd9fdcf7d 8f1f2cea85347d8df665cfe1460a1391be0d1c99e81197b80ef43259ec294b0d";
		};
		43BA1A9ED42DE22C48E64092 /* [CP] Embed Pods Frameworks */ = {
			isa = PBXShellScriptBuildPhase;
			buildActionMask = 2147483647;
			files = (
			);
			inputPaths = (
			);
			name = "[CP] Embed Pods Frameworks";
			outputPaths = (
			);
			runOnlyForDeploymentPostprocessing = 0;
			shellPath = /bin/sh;
			shellScript = "\"${SRCROOT}/Pods/Target Support Files/Pods-SEDaily-IOSTests/Pods-SEDaily-IOSTests-frameworks.sh\"\n";
			showEnvVarsInLog = 0;
		};
		4B6DBB81C87D23ABC98202EB /* [CP] Copy Pods Resources */ = {
			isa = PBXShellScriptBuildPhase;
			buildActionMask = 2147483647;
			files = (
			);
			inputPaths = (
			);
			name = "[CP] Copy Pods Resources";
			outputPaths = (
			);
			runOnlyForDeploymentPostprocessing = 0;
			shellPath = /bin/sh;
			shellScript = "\"${SRCROOT}/Pods/Target Support Files/Pods-SEDaily-IOS/Pods-SEDaily-IOS-resources.sh\"\n";
			showEnvVarsInLog = 0;
		};
		6A12E8C003C75BEEE01B2AA0 /* [CP] Check Pods Manifest.lock */ = {
			isa = PBXShellScriptBuildPhase;
			buildActionMask = 2147483647;
			files = (
			);
			inputPaths = (
				"${PODS_PODFILE_DIR_PATH}/Podfile.lock",
				"${PODS_ROOT}/Manifest.lock",
			);
			name = "[CP] Check Pods Manifest.lock";
			outputPaths = (
				"$(DERIVED_FILE_DIR)/Pods-SEDaily-IOS-checkManifestLockResult.txt",
			);
			runOnlyForDeploymentPostprocessing = 0;
			shellPath = /bin/sh;
			shellScript = "diff \"${PODS_PODFILE_DIR_PATH}/Podfile.lock\" \"${PODS_ROOT}/Manifest.lock\" > /dev/null\nif [ $? != 0 ] ; then\n    # print error to STDERR\n    echo \"error: The sandbox is not in sync with the Podfile.lock. Run 'pod install' or update your CocoaPods installation.\" >&2\n    exit 1\nfi\n# This output is used by Xcode 'outputs' to avoid re-running this script phase.\necho \"SUCCESS\" > \"${SCRIPT_OUTPUT_FILE_0}\"\n";
			showEnvVarsInLog = 0;
		};
		8836A870BF4FA6C98035B298 /* [CP] Copy Pods Resources */ = {
			isa = PBXShellScriptBuildPhase;
			buildActionMask = 2147483647;
			files = (
			);
			inputPaths = (
			);
			name = "[CP] Copy Pods Resources";
			outputPaths = (
			);
			runOnlyForDeploymentPostprocessing = 0;
			shellPath = /bin/sh;
			shellScript = "\"${SRCROOT}/Pods/Target Support Files/Pods-SEDaily-IOSTests/Pods-SEDaily-IOSTests-resources.sh\"\n";
			showEnvVarsInLog = 0;
		};
		AE5F616C12D0339AD2CE40F0 /* [CP] Embed Pods Frameworks */ = {
			isa = PBXShellScriptBuildPhase;
			buildActionMask = 2147483647;
			files = (
			);
			inputPaths = (
				"${SRCROOT}/Pods/Target Support Files/Pods-SEDaily-IOS/Pods-SEDaily-IOS-frameworks.sh",
				"${BUILT_PRODUCTS_DIR}/ActiveLabel/ActiveLabel.framework",
				"${BUILT_PRODUCTS_DIR}/Alamofire/Alamofire.framework",
				"${BUILT_PRODUCTS_DIR}/Eureka/Eureka.framework",
				"${BUILT_PRODUCTS_DIR}/IQKeyboardManagerSwift/IQKeyboardManagerSwift.framework",
				"${BUILT_PRODUCTS_DIR}/KTResponsiveUI/KTResponsiveUI.framework",
				"${BUILT_PRODUCTS_DIR}/Kingfisher/Kingfisher.framework",
				"${BUILT_PRODUCTS_DIR}/KoalaTeaFlowLayout/KoalaTeaFlowLayout.framework",
				"${BUILT_PRODUCTS_DIR}/KoalaTeaPlayer/KoalaTeaPlayer.framework",
				"${BUILT_PRODUCTS_DIR}/ObjectMapper/ObjectMapper.framework",
				"${BUILT_PRODUCTS_DIR}/Pageboy/Pageboy.framework",
				"${BUILT_PRODUCTS_DIR}/PureLayout/PureLayout.framework",
				"${BUILT_PRODUCTS_DIR}/Realm/Realm.framework",
				"${BUILT_PRODUCTS_DIR}/RealmSwift/RealmSwift.framework",
				"${BUILT_PRODUCTS_DIR}/Reusable/Reusable.framework",
				"${BUILT_PRODUCTS_DIR}/SideMenu/SideMenu.framework",
				"${BUILT_PRODUCTS_DIR}/SnapKit/SnapKit.framework",
				"${BUILT_PRODUCTS_DIR}/SwiftIcons/SwiftIcons.framework",
				"${BUILT_PRODUCTS_DIR}/SwifterSwift/SwifterSwift.framework",
				"${BUILT_PRODUCTS_DIR}/SwiftyBeaver/SwiftyBeaver.framework",
				"${BUILT_PRODUCTS_DIR}/SwiftyJSON/SwiftyJSON.framework",
				"${BUILT_PRODUCTS_DIR}/Tabman/Tabman.framework",
				"${BUILT_PRODUCTS_DIR}/UIFontComplete/UIFontComplete.framework",
			);
			name = "[CP] Embed Pods Frameworks";
			outputPaths = (
				"${TARGET_BUILD_DIR}/${FRAMEWORKS_FOLDER_PATH}/ActiveLabel.framework",
				"${TARGET_BUILD_DIR}/${FRAMEWORKS_FOLDER_PATH}/Alamofire.framework",
				"${TARGET_BUILD_DIR}/${FRAMEWORKS_FOLDER_PATH}/Eureka.framework",
				"${TARGET_BUILD_DIR}/${FRAMEWORKS_FOLDER_PATH}/IQKeyboardManagerSwift.framework",
				"${TARGET_BUILD_DIR}/${FRAMEWORKS_FOLDER_PATH}/KTResponsiveUI.framework",
				"${TARGET_BUILD_DIR}/${FRAMEWORKS_FOLDER_PATH}/Kingfisher.framework",
				"${TARGET_BUILD_DIR}/${FRAMEWORKS_FOLDER_PATH}/KoalaTeaFlowLayout.framework",
				"${TARGET_BUILD_DIR}/${FRAMEWORKS_FOLDER_PATH}/KoalaTeaPlayer.framework",
				"${TARGET_BUILD_DIR}/${FRAMEWORKS_FOLDER_PATH}/ObjectMapper.framework",
				"${TARGET_BUILD_DIR}/${FRAMEWORKS_FOLDER_PATH}/Pageboy.framework",
				"${TARGET_BUILD_DIR}/${FRAMEWORKS_FOLDER_PATH}/PureLayout.framework",
				"${TARGET_BUILD_DIR}/${FRAMEWORKS_FOLDER_PATH}/Realm.framework",
				"${TARGET_BUILD_DIR}/${FRAMEWORKS_FOLDER_PATH}/RealmSwift.framework",
				"${TARGET_BUILD_DIR}/${FRAMEWORKS_FOLDER_PATH}/Reusable.framework",
				"${TARGET_BUILD_DIR}/${FRAMEWORKS_FOLDER_PATH}/SideMenu.framework",
				"${TARGET_BUILD_DIR}/${FRAMEWORKS_FOLDER_PATH}/SnapKit.framework",
				"${TARGET_BUILD_DIR}/${FRAMEWORKS_FOLDER_PATH}/SwiftIcons.framework",
				"${TARGET_BUILD_DIR}/${FRAMEWORKS_FOLDER_PATH}/SwifterSwift.framework",
				"${TARGET_BUILD_DIR}/${FRAMEWORKS_FOLDER_PATH}/SwiftyBeaver.framework",
				"${TARGET_BUILD_DIR}/${FRAMEWORKS_FOLDER_PATH}/SwiftyJSON.framework",
				"${TARGET_BUILD_DIR}/${FRAMEWORKS_FOLDER_PATH}/Tabman.framework",
				"${TARGET_BUILD_DIR}/${FRAMEWORKS_FOLDER_PATH}/UIFontComplete.framework",
			);
			runOnlyForDeploymentPostprocessing = 0;
			shellPath = /bin/sh;
			shellScript = "\"${SRCROOT}/Pods/Target Support Files/Pods-SEDaily-IOS/Pods-SEDaily-IOS-frameworks.sh\"\n";
			showEnvVarsInLog = 0;
		};
/* End PBXShellScriptBuildPhase section */

/* Begin PBXSourcesBuildPhase section */
		1686FBF91F009EC00088A6C1 /* Sources */ = {
			isa = PBXSourcesBuildPhase;
			buildActionMask = 2147483647;
			files = (
				167AFAB51F043ED500A1332F /* DetailTableViewCell.swift in Sources */,
				164FE9E11F02EE67009419CA /* LoginViewController.swift in Sources */,
				1649A78A1F204EC6005C4A6E /* ContainerViewController.swift in Sources */,
				164FE9EF1F03065C009419CA /* NavigationControllerExtension.swift in Sources */,
				167AFAB21F043CF600A1332F /* PostDetailTableViewController.swift in Sources */,
				161F3DE61F61F73D00A8F825 /* SearchTableViewController.swift in Sources */,
				164FE9D51F02CC53009419CA /* EmbeddedCollectonViewCell.swift in Sources */,
				16D67C4D1F33AE370065E838 /* ObjectExtensions.swift in Sources */,
				164FE9D91F02D611009419CA /* CollectionReusableView.swift in Sources */,
				167AFAB91F04624E00A1332F /* SingleLabelTableViewCell.swift in Sources */,
				167AFAB71F043F1100A1332F /* HeaderView.swift in Sources */,
				16D67C4A1F33AC620065E838 /* AnswersTracker.swift in Sources */,
				164FE9D71F02CD99009419CA /* Extensions.swift in Sources */,
				164FE9E51F02EE83009419CA /* API.swift in Sources */,
				164FE9E91F02F049009419CA /* Stylesheet.swift in Sources */,
				1668124A1F350737007F288B /* GeneralCollectionViewController.swift in Sources */,
				164C71091F021C97003803BC /* FeedCollectionViewController.swift in Sources */,
				16B147B11F16BF9C00433A42 /* AudioViewManager.swift in Sources */,
				1673B9011F27E70200923BB8 /* JustForYouCollectionViewController.swift in Sources */,
				164C71071F021C8D003803BC /* PodcastCollectionViewController.swift in Sources */,
				1673B8FF1F27E56100923BB8 /* TopCollectionViewController.swift in Sources */,
				1673B8FD1F27AA3200923BB8 /* LatestCollectionViewController.swift in Sources */,
				164C71051F021AC8003803BC /* CustomTabViewController.swift in Sources */,
				164FE9DC1F02DAB5009419CA /* PodcastCollectionViewCell.swift in Sources */,
				165A5B681F7C32FD00FDE80B /* TempObjectMapper.swift in Sources */,
				16D766BA1F06B4850066C143 /* AudioView.swift in Sources */,
				164FE9EB1F02F340009419CA /* Helpers.swift in Sources */,
				166036211F266FF300A22B7B /* Notifications.swift in Sources */,
				1672FAC41F06C141008445B1 /* NotificationCenterExtension.swift in Sources */,
				01BB1D6D1F29999E004A912E /* PodcastPageViewController.swift in Sources */,
				164FE9F11F030A2E009419CA /* PodcastModel.swift in Sources */,
				164FE9ED1F02F7E2009419CA /* UIButtonExtension.swift in Sources */,
				1686FC011F009EC00088A6C1 /* AppDelegate.swift in Sources */,
				161F3DEA1F62703100A8F825 /* PodcastTableViewCell.swift in Sources */,
				164FE9E71F02F02F009419CA /* UserModel.swift in Sources */,
			);
			runOnlyForDeploymentPostprocessing = 0;
		};
		1686FC0D1F009EC00088A6C1 /* Sources */ = {
			isa = PBXSourcesBuildPhase;
			buildActionMask = 2147483647;
			files = (
				1686FC161F009EC00088A6C1 /* SEDaily_IOSTests.swift in Sources */,
			);
			runOnlyForDeploymentPostprocessing = 0;
		};
/* End PBXSourcesBuildPhase section */

/* Begin PBXTargetDependency section */
		1686FC131F009EC00088A6C1 /* PBXTargetDependency */ = {
			isa = PBXTargetDependency;
			target = 1686FBFC1F009EC00088A6C1 /* SEDaily-IOS */;
			targetProxy = 1686FC121F009EC00088A6C1 /* PBXContainerItemProxy */;
		};
/* End PBXTargetDependency section */

/* Begin PBXVariantGroup section */
		1686FC041F009EC00088A6C1 /* Main.storyboard */ = {
			isa = PBXVariantGroup;
			children = (
				1686FC051F009EC00088A6C1 /* Base */,
				1E44AF001F87ACF500221B22 /* fr */,
			);
			name = Main.storyboard;
			sourceTree = "<group>";
		};
		1686FC091F009EC00088A6C1 /* LaunchScreen.storyboard */ = {
			isa = PBXVariantGroup;
			children = (
				1686FC0A1F009EC00088A6C1 /* Base */,
				1E44AEFF1F87ACF500221B22 /* fr */,
			);
			name = LaunchScreen.storyboard;
			sourceTree = "<group>";
		};
		1E44AF051F87B08D00221B22 /* Localizable.strings */ = {
			isa = PBXVariantGroup;
			children = (
				1E44AF061F87B09100221B22 /* Base */,
				1E44AF081F87B0A700221B22 /* fr */,
			);
			name = Localizable.strings;
			sourceTree = "<group>";
		};
/* End PBXVariantGroup section */

/* Begin XCBuildConfiguration section */
		1686FC181F009EC00088A6C1 /* Debug */ = {
			isa = XCBuildConfiguration;
			buildSettings = {
				ALWAYS_SEARCH_USER_PATHS = NO;
				CLANG_ANALYZER_LOCALIZABILITY_NONLOCALIZED = YES;
				CLANG_ANALYZER_NONNULL = YES;
				CLANG_ANALYZER_NUMBER_OBJECT_CONVERSION = YES_AGGRESSIVE;
				CLANG_CXX_LANGUAGE_STANDARD = "gnu++0x";
				CLANG_CXX_LIBRARY = "libc++";
				CLANG_ENABLE_MODULES = YES;
				CLANG_ENABLE_OBJC_ARC = YES;
				CLANG_WARN_BLOCK_CAPTURE_AUTORELEASING = YES;
				CLANG_WARN_BOOL_CONVERSION = YES;
				CLANG_WARN_COMMA = YES;
				CLANG_WARN_CONSTANT_CONVERSION = YES;
				CLANG_WARN_DIRECT_OBJC_ISA_USAGE = YES_ERROR;
				CLANG_WARN_EMPTY_BODY = YES;
				CLANG_WARN_ENUM_CONVERSION = YES;
				CLANG_WARN_INFINITE_RECURSION = YES;
				CLANG_WARN_INT_CONVERSION = YES;
				CLANG_WARN_NON_LITERAL_NULL_CONVERSION = YES;
				CLANG_WARN_OBJC_LITERAL_CONVERSION = YES;
				CLANG_WARN_OBJC_ROOT_CLASS = YES_ERROR;
				CLANG_WARN_RANGE_LOOP_ANALYSIS = YES;
				CLANG_WARN_STRICT_PROTOTYPES = YES;
				CLANG_WARN_SUSPICIOUS_MOVE = YES;
				CLANG_WARN_UNREACHABLE_CODE = YES;
				CLANG_WARN__DUPLICATE_METHOD_MATCH = YES;
				"CODE_SIGN_IDENTITY[sdk=iphoneos*]" = "iPhone Developer";
				COPY_PHASE_STRIP = NO;
				DEBUG_ACTIVITY_MODE = "";
				"DEBUG_ACTIVITY_MODE[arch=*]" = disable;
				DEBUG_INFORMATION_FORMAT = "dwarf-with-dsym";
				ENABLE_STRICT_OBJC_MSGSEND = YES;
				ENABLE_TESTABILITY = YES;
				GCC_C_LANGUAGE_STANDARD = gnu99;
				GCC_DYNAMIC_NO_PIC = NO;
				GCC_NO_COMMON_BLOCKS = YES;
				GCC_OPTIMIZATION_LEVEL = 0;
				GCC_PREPROCESSOR_DEFINITIONS = (
					"DEBUG=1",
					"$(inherited)",
				);
				GCC_WARN_64_TO_32_BIT_CONVERSION = YES;
				GCC_WARN_ABOUT_RETURN_TYPE = YES_ERROR;
				GCC_WARN_UNDECLARED_SELECTOR = YES;
				GCC_WARN_UNINITIALIZED_AUTOS = YES_AGGRESSIVE;
				GCC_WARN_UNUSED_FUNCTION = YES;
				GCC_WARN_UNUSED_VARIABLE = YES;
				IPHONEOS_DEPLOYMENT_TARGET = 10.3;
				MTL_ENABLE_DEBUG_INFO = YES;
				ONLY_ACTIVE_ARCH = YES;
				SDKROOT = iphoneos;
				SWIFT_ACTIVE_COMPILATION_CONDITIONS = DEBUG;
				SWIFT_OPTIMIZATION_LEVEL = "-Onone";
				SWIFT_SWIFT3_OBJC_INFERENCE = Default;
				TARGETED_DEVICE_FAMILY = "1,2";
			};
			name = Debug;
		};
		1686FC191F009EC00088A6C1 /* Release */ = {
			isa = XCBuildConfiguration;
			buildSettings = {
				ALWAYS_SEARCH_USER_PATHS = NO;
				CLANG_ANALYZER_LOCALIZABILITY_NONLOCALIZED = YES;
				CLANG_ANALYZER_NONNULL = YES;
				CLANG_ANALYZER_NUMBER_OBJECT_CONVERSION = YES_AGGRESSIVE;
				CLANG_CXX_LANGUAGE_STANDARD = "gnu++0x";
				CLANG_CXX_LIBRARY = "libc++";
				CLANG_ENABLE_MODULES = YES;
				CLANG_ENABLE_OBJC_ARC = YES;
				CLANG_WARN_BLOCK_CAPTURE_AUTORELEASING = YES;
				CLANG_WARN_BOOL_CONVERSION = YES;
				CLANG_WARN_COMMA = YES;
				CLANG_WARN_CONSTANT_CONVERSION = YES;
				CLANG_WARN_DIRECT_OBJC_ISA_USAGE = YES_ERROR;
				CLANG_WARN_EMPTY_BODY = YES;
				CLANG_WARN_ENUM_CONVERSION = YES;
				CLANG_WARN_INFINITE_RECURSION = YES;
				CLANG_WARN_INT_CONVERSION = YES;
				CLANG_WARN_NON_LITERAL_NULL_CONVERSION = YES;
				CLANG_WARN_OBJC_LITERAL_CONVERSION = YES;
				CLANG_WARN_OBJC_ROOT_CLASS = YES_ERROR;
				CLANG_WARN_RANGE_LOOP_ANALYSIS = YES;
				CLANG_WARN_STRICT_PROTOTYPES = YES;
				CLANG_WARN_SUSPICIOUS_MOVE = YES;
				CLANG_WARN_UNREACHABLE_CODE = YES;
				CLANG_WARN__DUPLICATE_METHOD_MATCH = YES;
				"CODE_SIGN_IDENTITY[sdk=iphoneos*]" = "iPhone Developer";
				COPY_PHASE_STRIP = NO;
				DEBUG_ACTIVITY_MODE = "";
				DEBUG_INFORMATION_FORMAT = "dwarf-with-dsym";
				ENABLE_NS_ASSERTIONS = NO;
				ENABLE_STRICT_OBJC_MSGSEND = YES;
				GCC_C_LANGUAGE_STANDARD = gnu99;
				GCC_NO_COMMON_BLOCKS = YES;
				GCC_WARN_64_TO_32_BIT_CONVERSION = YES;
				GCC_WARN_ABOUT_RETURN_TYPE = YES_ERROR;
				GCC_WARN_UNDECLARED_SELECTOR = YES;
				GCC_WARN_UNINITIALIZED_AUTOS = YES_AGGRESSIVE;
				GCC_WARN_UNUSED_FUNCTION = YES;
				GCC_WARN_UNUSED_VARIABLE = YES;
				IPHONEOS_DEPLOYMENT_TARGET = 10.3;
				MTL_ENABLE_DEBUG_INFO = NO;
				SDKROOT = iphoneos;
				SWIFT_OPTIMIZATION_LEVEL = "-Owholemodule";
				SWIFT_SWIFT3_OBJC_INFERENCE = Default;
				TARGETED_DEVICE_FAMILY = "1,2";
				VALIDATE_PRODUCT = YES;
			};
			name = Release;
		};
		1686FC1B1F009EC00088A6C1 /* Debug */ = {
			isa = XCBuildConfiguration;
			baseConfigurationReference = 9FDA28C254F62BB468401B75 /* Pods-SEDaily-IOS.debug.xcconfig */;
			buildSettings = {
				ASSETCATALOG_COMPILER_APPICON_NAME = AppIcon;
				CURRENT_PROJECT_VERSION = 3;
				DEVELOPMENT_TEAM = 6TY8WC8WPP;
				INFOPLIST_FILE = "SEDaily-IOS/Info.plist";
				LD_RUNPATH_SEARCH_PATHS = "$(inherited) @executable_path/Frameworks";
				PRODUCT_BUNDLE_IDENTIFIER = "koala-tea.SEDaily";
				PRODUCT_NAME = "$(TARGET_NAME)";
				SWIFT_SWIFT3_OBJC_INFERENCE = Default;
				SWIFT_VERSION = 4.0;
			};
			name = Debug;
		};
		1686FC1C1F009EC00088A6C1 /* Release */ = {
			isa = XCBuildConfiguration;
			baseConfigurationReference = 675FBEB71FD81FBA8767227A /* Pods-SEDaily-IOS.release.xcconfig */;
			buildSettings = {
				ASSETCATALOG_COMPILER_APPICON_NAME = AppIcon;
				CURRENT_PROJECT_VERSION = 3;
				DEVELOPMENT_TEAM = 6TY8WC8WPP;
				INFOPLIST_FILE = "SEDaily-IOS/Info.plist";
				LD_RUNPATH_SEARCH_PATHS = "$(inherited) @executable_path/Frameworks";
				PRODUCT_BUNDLE_IDENTIFIER = "koala-tea.SEDaily";
				PRODUCT_NAME = "$(TARGET_NAME)";
				SWIFT_SWIFT3_OBJC_INFERENCE = Default;
				SWIFT_VERSION = 4.0;
			};
			name = Release;
		};
		1686FC1E1F009EC00088A6C1 /* Debug */ = {
			isa = XCBuildConfiguration;
			baseConfigurationReference = 995F64385352A79BA0DF7DEB /* Pods-SEDaily-IOSTests.debug.xcconfig */;
			buildSettings = {
				ALWAYS_EMBED_SWIFT_STANDARD_LIBRARIES = YES;
				BUNDLE_LOADER = "$(TEST_HOST)";
				DEVELOPMENT_TEAM = 6MS9QWALYV;
				INFOPLIST_FILE = "SEDaily-IOSTests/Info.plist";
				LD_RUNPATH_SEARCH_PATHS = "$(inherited) @executable_path/Frameworks @loader_path/Frameworks";
				PRODUCT_BUNDLE_IDENTIFIER = "koala-tea.SEDaily-IOSTests";
				PRODUCT_NAME = "$(TARGET_NAME)";
				SWIFT_SWIFT3_OBJC_INFERENCE = On;
				SWIFT_VERSION = 4.0;
				TEST_HOST = "$(BUILT_PRODUCTS_DIR)/SEDaily-IOS.app/SEDaily-IOS";
			};
			name = Debug;
		};
		1686FC1F1F009EC00088A6C1 /* Release */ = {
			isa = XCBuildConfiguration;
			baseConfigurationReference = A2EFA433B346D70E958FFC73 /* Pods-SEDaily-IOSTests.release.xcconfig */;
			buildSettings = {
				ALWAYS_EMBED_SWIFT_STANDARD_LIBRARIES = YES;
				BUNDLE_LOADER = "$(TEST_HOST)";
				DEVELOPMENT_TEAM = 6MS9QWALYV;
				INFOPLIST_FILE = "SEDaily-IOSTests/Info.plist";
				LD_RUNPATH_SEARCH_PATHS = "$(inherited) @executable_path/Frameworks @loader_path/Frameworks";
				PRODUCT_BUNDLE_IDENTIFIER = "koala-tea.SEDaily-IOSTests";
				PRODUCT_NAME = "$(TARGET_NAME)";
				SWIFT_SWIFT3_OBJC_INFERENCE = On;
				SWIFT_VERSION = 4.0;
				TEST_HOST = "$(BUILT_PRODUCTS_DIR)/SEDaily-IOS.app/SEDaily-IOS";
			};
			name = Release;
		};
/* End XCBuildConfiguration section */

/* Begin XCConfigurationList section */
		1686FBF81F009EC00088A6C1 /* Build configuration list for PBXProject "SEDaily-IOS" */ = {
			isa = XCConfigurationList;
			buildConfigurations = (
				1686FC181F009EC00088A6C1 /* Debug */,
				1686FC191F009EC00088A6C1 /* Release */,
			);
			defaultConfigurationIsVisible = 0;
			defaultConfigurationName = Release;
		};
		1686FC1A1F009EC00088A6C1 /* Build configuration list for PBXNativeTarget "SEDaily-IOS" */ = {
			isa = XCConfigurationList;
			buildConfigurations = (
				1686FC1B1F009EC00088A6C1 /* Debug */,
				1686FC1C1F009EC00088A6C1 /* Release */,
			);
			defaultConfigurationIsVisible = 0;
			defaultConfigurationName = Release;
		};
		1686FC1D1F009EC00088A6C1 /* Build configuration list for PBXNativeTarget "SEDaily-IOSTests" */ = {
			isa = XCConfigurationList;
			buildConfigurations = (
				1686FC1E1F009EC00088A6C1 /* Debug */,
				1686FC1F1F009EC00088A6C1 /* Release */,
			);
			defaultConfigurationIsVisible = 0;
			defaultConfigurationName = Release;
		};
/* End XCConfigurationList section */
	};
	rootObject = 1686FBF51F009EC00088A6C1 /* Project object */;
}
